{
    "_readme": [
        "This file locks the dependencies of your project to a known state",
        "Read more about it at https://getcomposer.org/doc/01-basic-usage.md#composer-lock-the-lock-file",
        "This file is @generated automatically"
    ],
    "hash": "f112b126d54930403b938744196abb97",
    "packages": [
        {
            "name": "nosto/php-sdk",
            "version": "dev-develop",
            "source": {
                "type": "git",
                "url": "https://github.com/Nosto/php-sdk.git",
                "reference": "a8db425eb204fe01339114bbf639d58421d0f477"
            },
            "dist": {
                "type": "zip",
                "url": "https://api.github.com/repos/Nosto/php-sdk/zipball/a8db425eb204fe01339114bbf639d58421d0f477",
                "reference": "a8db425eb204fe01339114bbf639d58421d0f477",
                "shasum": ""
            },
            "require-dev": {
                "codeception/codeception": "2.0.0",
                "codeception/specify": "0.4.1"
            },
            "type": "library",
            "license": [
                "BSD-3-Clause"
            ],
            "description": "PHP SDK for developing Nosto modules for e-commerce platforms",
            "support": {
                "source": "https://github.com/Nosto/php-sdk/tree/develop",
                "issues": "https://github.com/Nosto/php-sdk/issues"
            },
            "time": "2015-09-01 05:53:34"
        }
    ],
    "packages-dev": [],
    "aliases": [],
    "minimum-stability": "dev",
    "stability-flags": {
        "nosto/php-sdk": 20
    },
    "prefer-stable": false,
    "prefer-lowest": false,
    "platform": [],
    "platform-dev": []
}
