{
    "_readme": [
        "This file locks the dependencies of your project to a known state",
        "Read more about it at https://getcomposer.org/doc/01-basic-usage.md#composer-lock-the-lock-file",
        "This file is @generated automatically"
    ],
    "hash": "fd4afa63172bc7fe0139f47f591570d9",
    "packages": [
        {
            "name": "nosto/php-sdk",
            "version": "1.10.3",
            "source": {
                "type": "git",
                "url": "https://github.com/Nosto/php-sdk.git",
                "reference": "48aacc244d61236f4004f12ca4d5bf5e5f76c682"
            },
            "dist": {
                "type": "zip",
                "url": "https://api.github.com/repos/Nosto/php-sdk/zipball/48aacc244d61236f4004f12ca4d5bf5e5f76c682",
                "reference": "48aacc244d61236f4004f12ca4d5bf5e5f76c682",
                "shasum": ""
            },
            "require-dev": {
                "codeception/codeception": "@stable",
                "codeception/specify": "@stable"
            },
            "type": "library",
            "license": [
                "BSD-3-Clause"
            ],
            "description": "PHP SDK for developing Nosto modules for e-commerce platforms",
            "support": {
                "source": "https://github.com/Nosto/php-sdk/tree/1.10.3",
                "issues": "https://github.com/Nosto/php-sdk/issues"
            },
            "time": "2015-05-26 10:44:48"
        }
    ],
    "packages-dev": [],
    "aliases": [],
    "minimum-stability": "stable",
    "stability-flags": [],
    "prefer-stable": false,
    "prefer-lowest": false,
    "platform": [],
    "platform-dev": []
}
